
Microsoft Visual Studio Solution File, Format Version 12.00
# Visual Studio Version 16
VisualStudioVersion = 16.0.31515.178
MinimumVisualStudioVersion = 10.0.40219.1
Project("{FAE04EC0-301F-11D3-BF4B-00C04F79EFBC}") = "todos.tests", "todos-tests\todos.tests.csproj", "{1D85ADD5-18FF-49FA-B6E9-73292C658738}"
EndProject
Global
	GlobalSection(SolutionConfigurationPlatforms) = preSolution
		Debug|Any CPU = Debug|Any CPU
		Release|Any CPU = Release|Any CPU
	EndGlobalSection
	GlobalSection(ProjectConfigurationPlatforms) = postSolution
		{1D85ADD5-18FF-49FA-B6E9-73292C658738}.Debug|Any CPU.ActiveCfg = Debug|Any CPU
		{1D85ADD5-18FF-49FA-B6E9-73292C658738}.Debug|Any CPU.Build.0 = Debug|Any CPU
		{1D85ADD5-18FF-49FA-B6E9-73292C658738}.Release|Any CPU.ActiveCfg = Release|Any CPU
		{1D85ADD5-18FF-49FA-B6E9-73292C658738}.Release|Any CPU.Build.0 = Release|Any CPU
	EndGlobalSection
	GlobalSection(SolutionProperties) = preSolution
		HideSolutionNode = FALSE
	EndGlobalSection
	GlobalSection(ExtensibilityGlobals) = postSolution
		SolutionGuid = {03F87954-F360-4C66-8E44-640F86957C88}
	EndGlobalSection
EndGlobal
